// !$*UTF8*$!
{
	archiveVersion = 1;
	classes = {
	};
	objectVersion = 56;
	objects = {

/* Begin PBXBuildFile section */
		F78F6C0D2AFD2AFB00F97CFE /* AppDelegate.swift in Sources */ = {isa = PBXBuildFile; fileRef = F78F6C0C2AFD2AFB00F97CFE /* AppDelegate.swift */; };
		F78F6C0F2AFD2AFB00F97CFE /* SceneDelegate.swift in Sources */ = {isa = PBXBuildFile; fileRef = F78F6C0E2AFD2AFB00F97CFE /* SceneDelegate.swift */; };
		F78F6C142AFD2AFB00F97CFE /* Main.storyboard in Resources */ = {isa = PBXBuildFile; fileRef = F78F6C122AFD2AFB00F97CFE /* Main.storyboard */; };
		F78F6C162AFD2AFC00F97CFE /* Assets.xcassets in Resources */ = {isa = PBXBuildFile; fileRef = F78F6C152AFD2AFC00F97CFE /* Assets.xcassets */; };
		F78F6C192AFD2AFC00F97CFE /* LaunchScreen.storyboard in Resources */ = {isa = PBXBuildFile; fileRef = F78F6C172AFD2AFC00F97CFE /* LaunchScreen.storyboard */; };
		F78F6C212AFD2FCB00F97CFE /* DogController.swift in Sources */ = {isa = PBXBuildFile; fileRef = F78F6C202AFD2FCB00F97CFE /* DogController.swift */; };
		F78F6C232AFD2FE100F97CFE /* RepController.swift in Sources */ = {isa = PBXBuildFile; fileRef = F78F6C222AFD2FE100F97CFE /* RepController.swift */; };
		F78F6C252AFD304500F97CFE /* DogDetailViewController.swift in Sources */ = {isa = PBXBuildFile; fileRef = F78F6C242AFD304500F97CFE /* DogDetailViewController.swift */; };
		F78F6C272AFD309200F97CFE /* RepTableViewController.swift in Sources */ = {isa = PBXBuildFile; fileRef = F78F6C262AFD309200F97CFE /* RepTableViewController.swift */; };
		F78F6C292AFD33C800F97CFE /* ResponseModel.swift in Sources */ = {isa = PBXBuildFile; fileRef = F78F6C282AFD33C800F97CFE /* ResponseModel.swift */; };
		F78F6C2B2AFD3E3200F97CFE /* RepTableViewCell.swift in Sources */ = {isa = PBXBuildFile; fileRef = F78F6C2A2AFD3E3200F97CFE /* RepTableViewCell.swift */; };
/* End PBXBuildFile section */

/* Begin PBXFileReference section */
		F78F6C092AFD2AFB00F97CFE /* API Project.app */ = {isa = PBXFileReference; explicitFileType = wrapper.application; includeInIndex = 0; path = "API Project.app"; sourceTree = BUILT_PRODUCTS_DIR; };
		F78F6C0C2AFD2AFB00F97CFE /* AppDelegate.swift */ = {isa = PBXFileReference; lastKnownFileType = sourcecode.swift; path = AppDelegate.swift; sourceTree = "<group>"; };
		F78F6C0E2AFD2AFB00F97CFE /* SceneDelegate.swift */ = {isa = PBXFileReference; lastKnownFileType = sourcecode.swift; path = SceneDelegate.swift; sourceTree = "<group>"; };
		F78F6C132AFD2AFB00F97CFE /* Base */ = {isa = PBXFileReference; lastKnownFileType = file.storyboard; name = Base; path = Base.lproj/Main.storyboard; sourceTree = "<group>"; };
		F78F6C152AFD2AFC00F97CFE /* Assets.xcassets */ = {isa = PBXFileReference; lastKnownFileType = folder.assetcatalog; path = Assets.xcassets; sourceTree = "<group>"; };
		F78F6C182AFD2AFC00F97CFE /* Base */ = {isa = PBXFileReference; lastKnownFileType = file.storyboard; name = Base; path = Base.lproj/LaunchScreen.storyboard; sourceTree = "<group>"; };
		F78F6C1A2AFD2AFC00F97CFE /* Info.plist */ = {isa = PBXFileReference; lastKnownFileType = text.plist.xml; path = Info.plist; sourceTree = "<group>"; };
		F78F6C202AFD2FCB00F97CFE /* DogController.swift */ = {isa = PBXFileReference; lastKnownFileType = sourcecode.swift; path = DogController.swift; sourceTree = "<group>"; };
		F78F6C222AFD2FE100F97CFE /* RepController.swift */ = {isa = PBXFileReference; lastKnownFileType = sourcecode.swift; path = RepController.swift; sourceTree = "<group>"; };
		F78F6C242AFD304500F97CFE /* DogDetailViewController.swift */ = {isa = PBXFileReference; lastKnownFileType = sourcecode.swift; path = DogDetailViewController.swift; sourceTree = "<group>"; };
		F78F6C262AFD309200F97CFE /* RepTableViewController.swift */ = {isa = PBXFileReference; lastKnownFileType = sourcecode.swift; path = RepTableViewController.swift; sourceTree = "<group>"; };
		F78F6C282AFD33C800F97CFE /* ResponseModel.swift */ = {isa = PBXFileReference; lastKnownFileType = sourcecode.swift; path = ResponseModel.swift; sourceTree = "<group>"; };
		F78F6C2A2AFD3E3200F97CFE /* RepTableViewCell.swift */ = {isa = PBXFileReference; lastKnownFileType = sourcecode.swift; path = RepTableViewCell.swift; sourceTree = "<group>"; };
/* End PBXFileReference section */

/* Begin PBXFrameworksBuildPhase section */
		F78F6C062AFD2AFB00F97CFE /* Frameworks */ = {
			isa = PBXFrameworksBuildPhase;
			buildActionMask = 2147483647;
			files = (
			);
			runOnlyForDeploymentPostprocessing = 0;
		};
/* End PBXFrameworksBuildPhase section */

/* Begin PBXGroup section */
		F78F6C002AFD2AFB00F97CFE = {
			isa = PBXGroup;
			children = (
				F78F6C0B2AFD2AFB00F97CFE /* API Project */,
				F78F6C0A2AFD2AFB00F97CFE /* Products */,
			);
			sourceTree = "<group>";
		};
		F78F6C0A2AFD2AFB00F97CFE /* Products */ = {
			isa = PBXGroup;
			children = (
				F78F6C092AFD2AFB00F97CFE /* API Project.app */,
			);
			name = Products;
			sourceTree = "<group>";
		};
		F78F6C0B2AFD2AFB00F97CFE /* API Project */ = {
			isa = PBXGroup;
			children = (
				F78F6C0C2AFD2AFB00F97CFE /* AppDelegate.swift */,
				F78F6C0E2AFD2AFB00F97CFE /* SceneDelegate.swift */,
				F78F6C242AFD304500F97CFE /* DogDetailViewController.swift */,
				F78F6C262AFD309200F97CFE /* RepTableViewController.swift */,
				F78F6C2A2AFD3E3200F97CFE /* RepTableViewCell.swift */,
				F78F6C202AFD2FCB00F97CFE /* DogController.swift */,
				F78F6C222AFD2FE100F97CFE /* RepController.swift */,
				F78F6C282AFD33C800F97CFE /* ResponseModel.swift */,
				F78F6C122AFD2AFB00F97CFE /* Main.storyboard */,
				F78F6C152AFD2AFC00F97CFE /* Assets.xcassets */,
				F78F6C172AFD2AFC00F97CFE /* LaunchScreen.storyboard */,
				F78F6C1A2AFD2AFC00F97CFE /* Info.plist */,
			);
			path = "API Project";
			sourceTree = "<group>";
		};
/* End PBXGroup section */

/* Begin PBXNativeTarget section */
		F78F6C082AFD2AFB00F97CFE /* API Project */ = {
			isa = PBXNativeTarget;
			buildConfigurationList = F78F6C1D2AFD2AFC00F97CFE /* Build configuration list for PBXNativeTarget "API Project" */;
			buildPhases = (
				F78F6C052AFD2AFB00F97CFE /* Sources */,
				F78F6C062AFD2AFB00F97CFE /* Frameworks */,
				F78F6C072AFD2AFB00F97CFE /* Resources */,
			);
			buildRules = (
			);
			dependencies = (
			);
			name = "API Project";
			productName = "API Project";
			productReference = F78F6C092AFD2AFB00F97CFE /* API Project.app */;
			productType = "com.apple.product-type.application";
		};
/* End PBXNativeTarget section */

/* Begin PBXProject section */
		F78F6C012AFD2AFB00F97CFE /* Project object */ = {
			isa = PBXProject;
			attributes = {
				BuildIndependentTargetsInParallel = 1;
				LastSwiftUpdateCheck = 1430;
				LastUpgradeCheck = 1430;
				TargetAttributes = {
					F78F6C082AFD2AFB00F97CFE = {
						CreatedOnToolsVersion = 14.3.1;
					};
				};
			};
			buildConfigurationList = F78F6C042AFD2AFB00F97CFE /* Build configuration list for PBXProject "API Project" */;
			compatibilityVersion = "Xcode 14.0";
			developmentRegion = en;
			hasScannedForEncodings = 0;
			knownRegions = (
				en,
				Base,
			);
			mainGroup = F78F6C002AFD2AFB00F97CFE;
			productRefGroup = F78F6C0A2AFD2AFB00F97CFE /* Products */;
			projectDirPath = "";
			projectRoot = "";
			targets = (
				F78F6C082AFD2AFB00F97CFE /* API Project */,
			);
		};
/* End PBXProject section */

/* Begin PBXResourcesBuildPhase section */
		F78F6C072AFD2AFB00F97CFE /* Resources */ = {
			isa = PBXResourcesBuildPhase;
			buildActionMask = 2147483647;
			files = (
				F78F6C192AFD2AFC00F97CFE /* LaunchScreen.storyboard in Resources */,
				F78F6C162AFD2AFC00F97CFE /* Assets.xcassets in Resources */,
				F78F6C142AFD2AFB00F97CFE /* Main.storyboard in Resources */,
			);
			runOnlyForDeploymentPostprocessing = 0;
		};
/* End PBXResourcesBuildPhase section */

/* Begin PBXSourcesBuildPhase section */
		F78F6C052AFD2AFB00F97CFE /* Sources */ = {
			isa = PBXSourcesBuildPhase;
			buildActionMask = 2147483647;
			files = (
				F78F6C0D2AFD2AFB00F97CFE /* AppDelegate.swift in Sources */,
				F78F6C252AFD304500F97CFE /* DogDetailViewController.swift in Sources */,
				F78F6C232AFD2FE100F97CFE /* RepController.swift in Sources */,
				F78F6C2B2AFD3E3200F97CFE /* RepTableViewCell.swift in Sources */,
				F78F6C272AFD309200F97CFE /* RepTableViewController.swift in Sources */,
				F78F6C292AFD33C800F97CFE /* ResponseModel.swift in Sources */,
				F78F6C212AFD2FCB00F97CFE /* DogController.swift in Sources */,
				F78F6C0F2AFD2AFB00F97CFE /* SceneDelegate.swift in Sources */,
			);
			runOnlyForDeploymentPostprocessing = 0;
		};
/* End PBXSourcesBuildPhase section */

/* Begin PBXVariantGroup section */
		F78F6C122AFD2AFB00F97CFE /* Main.storyboard */ = {
			isa = PBXVariantGroup;
			children = (
				F78F6C132AFD2AFB00F97CFE /* Base */,
			);
			name = Main.storyboard;
			sourceTree = "<group>";
		};
		F78F6C172AFD2AFC00F97CFE /* LaunchScreen.storyboard */ = {
			isa = PBXVariantGroup;
			children = (
				F78F6C182AFD2AFC00F97CFE /* Base */,
			);
			name = LaunchScreen.storyboard;
			sourceTree = "<group>";
		};
/* End PBXVariantGroup section */

/* Begin XCBuildConfiguration section */
		F78F6C1B2AFD2AFC00F97CFE /* Debug */ = {
			isa = XCBuildConfiguration;
			buildSettings = {
				ALWAYS_SEARCH_USER_PATHS = NO;
				CLANG_ANALYZER_NONNULL = YES;
				CLANG_ANALYZER_NUMBER_OBJECT_CONVERSION = YES_AGGRESSIVE;
				CLANG_CXX_LANGUAGE_STANDARD = "gnu++20";
				CLANG_ENABLE_MODULES = YES;
				CLANG_ENABLE_OBJC_ARC = YES;
				CLANG_ENABLE_OBJC_WEAK = YES;
				CLANG_WARN_BLOCK_CAPTURE_AUTORELEASING = YES;
				CLANG_WARN_BOOL_CONVERSION = YES;
				CLANG_WARN_COMMA = YES;
				CLANG_WARN_CONSTANT_CONVERSION = YES;
				CLANG_WARN_DEPRECATED_OBJC_IMPLEMENTATIONS = YES;
				CLANG_WARN_DIRECT_OBJC_ISA_USAGE = YES_ERROR;
				CLANG_WARN_DOCUMENTATION_COMMENTS = YES;
				CLANG_WARN_EMPTY_BODY = YES;
				CLANG_WARN_ENUM_CONVERSION = YES;
				CLANG_WARN_INFINITE_RECURSION = YES;
				CLANG_WARN_INT_CONVERSION = YES;
				CLANG_WARN_NON_LITERAL_NULL_CONVERSION = YES;
				CLANG_WARN_OBJC_IMPLICIT_RETAIN_SELF = YES;
				CLANG_WARN_OBJC_LITERAL_CONVERSION = YES;
				CLANG_WARN_OBJC_ROOT_CLASS = YES_ERROR;
				CLANG_WARN_QUOTED_INCLUDE_IN_FRAMEWORK_HEADER = YES;
				CLANG_WARN_RANGE_LOOP_ANALYSIS = YES;
				CLANG_WARN_STRICT_PROTOTYPES = YES;
				CLANG_WARN_SUSPICIOUS_MOVE = YES;
				CLANG_WARN_UNGUARDED_AVAILABILITY = YES_AGGRESSIVE;
				CLANG_WARN_UNREACHABLE_CODE = YES;
				CLANG_WARN__DUPLICATE_METHOD_MATCH = YES;
				COPY_PHASE_STRIP = NO;
				DEBUG_INFORMATION_FORMAT = dwarf;
				ENABLE_STRICT_OBJC_MSGSEND = YES;
				ENABLE_TESTABILITY = YES;
				GCC_C_LANGUAGE_STANDARD = gnu11;
				GCC_DYNAMIC_NO_PIC = NO;
				GCC_NO_COMMON_BLOCKS = YES;
				GCC_OPTIMIZATION_LEVEL = 0;
				GCC_PREPROCESSOR_DEFINITIONS = (
					"DEBUG=1",
					"$(inherited)",
				);
				GCC_WARN_64_TO_32_BIT_CONVERSION = YES;
				GCC_WARN_ABOUT_RETURN_TYPE = YES_ERROR;
				GCC_WARN_UNDECLARED_SELECTOR = YES;
				GCC_WARN_UNINITIALIZED_AUTOS = YES_AGGRESSIVE;
				GCC_WARN_UNUSED_FUNCTION = YES;
				GCC_WARN_UNUSED_VARIABLE = YES;
				IPHONEOS_DEPLOYMENT_TARGET = 16.4;
				MTL_ENABLE_DEBUG_INFO = INCLUDE_SOURCE;
				MTL_FAST_MATH = YES;
				ONLY_ACTIVE_ARCH = YES;
				SDKROOT = iphoneos;
				SWIFT_ACTIVE_COMPILATION_CONDITIONS = DEBUG;
				SWIFT_OPTIMIZATION_LEVEL = "-Onone";
			};
			name = Debug;
		};
		F78F6C1C2AFD2AFC00F97CFE /* Release */ = {
			isa = XCBuildConfiguration;
			buildSettings = {
				ALWAYS_SEARCH_USER_PATHS = NO;
				CLANG_ANALYZER_NONNULL = YES;
				CLANG_ANALYZER_NUMBER_OBJECT_CONVERSION = YES_AGGRESSIVE;
				CLANG_CXX_LANGUAGE_STANDARD = "gnu++20";
				CLANG_ENABLE_MODULES = YES;
				CLANG_ENABLE_OBJC_ARC = YES;
				CLANG_ENABLE_OBJC_WEAK = YES;
				CLANG_WARN_BLOCK_CAPTURE_AUTORELEASING = YES;
				CLANG_WARN_BOOL_CONVERSION = YES;
				CLANG_WARN_COMMA = YES;
				CLANG_WARN_CONSTANT_CONVERSION = YES;
				CLANG_WARN_DEPRECATED_OBJC_IMPLEMENTATIONS = YES;
				CLANG_WARN_DIRECT_OBJC_ISA_USAGE = YES_ERROR;
				CLANG_WARN_DOCUMENTATION_COMMENTS = YES;
				CLANG_WARN_EMPTY_BODY = YES;
				CLANG_WARN_ENUM_CONVERSION = YES;
				CLANG_WARN_INFINITE_RECURSION = YES;
				CLANG_WARN_INT_CONVERSION = YES;
				CLANG_WARN_NON_LITERAL_NULL_CONVERSION = YES;
				CLANG_WARN_OBJC_IMPLICIT_RETAIN_SELF = YES;
				CLANG_WARN_OBJC_LITERAL_CONVERSION = YES;
				CLANG_WARN_OBJC_ROOT_CLASS = YES_ERROR;
				CLANG_WARN_QUOTED_INCLUDE_IN_FRAMEWORK_HEADER = YES;
				CLANG_WARN_RANGE_LOOP_ANALYSIS = YES;
				CLANG_WARN_STRICT_PROTOTYPES = YES;
				CLANG_WARN_SUSPICIOUS_MOVE = YES;
				CLANG_WARN_UNGUARDED_AVAILABILITY = YES_AGGRESSIVE;
				CLANG_WARN_UNREACHABLE_CODE = YES;
				CLANG_WARN__DUPLICATE_METHOD_MATCH = YES;
				COPY_PHASE_STRIP = NO;
				DEBUG_INFORMATION_FORMAT = "dwarf-with-dsym";
				ENABLE_NS_ASSERTIONS = NO;
				ENABLE_STRICT_OBJC_MSGSEND = YES;
				GCC_C_LANGUAGE_STANDARD = gnu11;
				GCC_NO_COMMON_BLOCKS = YES;
				GCC_WARN_64_TO_32_BIT_CONVERSION = YES;
				GCC_WARN_ABOUT_RETURN_TYPE = YES_ERROR;
				GCC_WARN_UNDECLARED_SELECTOR = YES;
				GCC_WARN_UNINITIALIZED_AUTOS = YES_AGGRESSIVE;
				GCC_WARN_UNUSED_FUNCTION = YES;
				GCC_WARN_UNUSED_VARIABLE = YES;
				IPHONEOS_DEPLOYMENT_TARGET = 16.4;
				MTL_ENABLE_DEBUG_INFO = NO;
				MTL_FAST_MATH = YES;
				SDKROOT = iphoneos;
				SWIFT_COMPILATION_MODE = wholemodule;
				SWIFT_OPTIMIZATION_LEVEL = "-O";
				VALIDATE_PRODUCT = YES;
			};
			name = Release;
		};
		F78F6C1E2AFD2AFC00F97CFE /* Debug */ = {
			isa = XCBuildConfiguration;
			buildSettings = {
				ASSETCATALOG_COMPILER_APPICON_NAME = AppIcon;
				ASSETCATALOG_COMPILER_GLOBAL_ACCENT_COLOR_NAME = AccentColor;
				CODE_SIGN_STYLE = Automatic;
				CURRENT_PROJECT_VERSION = 1;
				DEVELOPMENT_TEAM = SPGY2XLS42;
				GENERATE_INFOPLIST_FILE = YES;
				INFOPLIST_FILE = "API Project/Info.plist";
				INFOPLIST_KEY_UIApplicationSupportsIndirectInputEvents = YES;
				INFOPLIST_KEY_UILaunchStoryboardName = LaunchScreen;
				INFOPLIST_KEY_UIMainStoryboardFile = Main;
				INFOPLIST_KEY_UISupportedInterfaceOrientations_iPad = "UIInterfaceOrientationPortrait UIInterfaceOrientationPortraitUpsideDown UIInterfaceOrientationLandscapeLeft UIInterfaceOrientationLandscapeRight";
				INFOPLIST_KEY_UISupportedInterfaceOrientations_iPhone = "UIInterfaceOrientationPortrait UIInterfaceOrientationLandscapeLeft UIInterfaceOrientationLandscapeRight";
				LD_RUNPATH_SEARCH_PATHS = (
					"$(inherited)",
					"@executable_path/Frameworks",
				);
				MARKETING_VERSION = 1.0;
				PRODUCT_BUNDLE_IDENTIFIER = "Practice.API-Project";
				PRODUCT_NAME = "$(TARGET_NAME)";
				SWIFT_EMIT_LOC_STRINGS = YES;
				SWIFT_VERSION = 5.0;
				TARGETED_DEVICE_FAMILY = "1,2";
			};
			name = Debug;
		};
		F78F6C1F2AFD2AFC00F97CFE /* Release */ = {
			isa = XCBuildConfiguration;
			buildSettings = {
				ASSETCATALOG_COMPILER_APPICON_NAME = AppIcon;
				ASSETCATALOG_COMPILER_GLOBAL_ACCENT_COLOR_NAME = AccentColor;
				CODE_SIGN_STYLE = Automatic;
				CURRENT_PROJECT_VERSION = 1;
				DEVELOPMENT_TEAM = SPGY2XLS42;
				GENERATE_INFOPLIST_FILE = YES;
				INFOPLIST_FILE = "API Project/Info.plist";
				INFOPLIST_KEY_UIApplicationSupportsIndirectInputEvents = YES;
				INFOPLIST_KEY_UILaunchStoryboardName = LaunchScreen;
				INFOPLIST_KEY_UIMainStoryboardFile = Main;
				INFOPLIST_KEY_UISupportedInterfaceOrientations_iPad = "UIInterfaceOrientationPortrait UIInterfaceOrientationPortraitUpsideDown UIInterfaceOrientationLandscapeLeft UIInterfaceOrientationLandscapeRight";
				INFOPLIST_KEY_UISupportedInterfaceOrientations_iPhone = "UIInterfaceOrientationPortrait UIInterfaceOrientationLandscapeLeft UIInterfaceOrientationLandscapeRight";
				LD_RUNPATH_SEARCH_PATHS = (
					"$(inherited)",
					"@executable_path/Frameworks",
				);
				MARKETING_VERSION = 1.0;
				PRODUCT_BUNDLE_IDENTIFIER = "Practice.API-Project";
				PRODUCT_NAME = "$(TARGET_NAME)";
				SWIFT_EMIT_LOC_STRINGS = YES;
				SWIFT_VERSION = 5.0;
				TARGETED_DEVICE_FAMILY = "1,2";
			};
			name = Release;
		};
/* End XCBuildConfiguration section */

/* Begin XCConfigurationList section */
		F78F6C042AFD2AFB00F97CFE /* Build configuration list for PBXProject "API Project" */ = {
			isa = XCConfigurationList;
			buildConfigurations = (
				F78F6C1B2AFD2AFC00F97CFE /* Debug */,
				F78F6C1C2AFD2AFC00F97CFE /* Release */,
			);
			defaultConfigurationIsVisible = 0;
			defaultConfigurationName = Release;
		};
		F78F6C1D2AFD2AFC00F97CFE /* Build configuration list for PBXNativeTarget "API Project" */ = {
			isa = XCConfigurationList;
			buildConfigurations = (
				F78F6C1E2AFD2AFC00F97CFE /* Debug */,
				F78F6C1F2AFD2AFC00F97CFE /* Release */,
			);
			defaultConfigurationIsVisible = 0;
			defaultConfigurationName = Release;
		};
/* End XCConfigurationList section */
	};
	rootObject = F78F6C012AFD2AFB00F97CFE /* Project object */;
}
